
Microsoft Visual Studio Solution File, Format Version 12.00
# Visual Studio Version 16
VisualStudioVersion = 16.0.29409.12
MinimumVisualStudioVersion = 10.0.40219.1
Project("{FAE04EC0-301F-11D3-BF4B-00C04F79EFBC}") = "Hospital", "Hospital.csproj", "{AB3EDC3A-120D-4ADD-8A3F-1C8EBEFD6E34}"
EndProject
Global
	GlobalSection(SolutionConfigurationPlatforms) = preSolution
		Debug|Any CPU = Debug|Any CPU
		Release|Any CPU = Release|Any CPU
	EndGlobalSection
	GlobalSection(ProjectConfigurationPlatforms) = postSolution
		{AB3EDC3A-120D-4ADD-8A3F-1C8EBEFD6E34}.Debug|Any CPU.ActiveCfg = Debug|Any CPU
		{AB3EDC3A-120D-4ADD-8A3F-1C8EBEFD6E34}.Debug|Any CPU.Build.0 = Debug|Any CPU
		{AB3EDC3A-120D-4ADD-8A3F-1C8EBEFD6E34}.Release|Any CPU.ActiveCfg = Release|Any CPU
		{AB3EDC3A-120D-4ADD-8A3F-1C8EBEFD6E34}.Release|Any CPU.Build.0 = Release|Any CPU
	EndGlobalSection
	GlobalSection(SolutionProperties) = preSolution
		HideSolutionNode = FALSE
	EndGlobalSection
	GlobalSection(ExtensibilityGlobals) = postSolution
		SolutionGuid = {612CCA1A-C790-4423-A58B-F37EBC635E69}
	EndGlobalSection
EndGlobal
